// !$*UTF8*$!
{
	archiveVersion = 1;
	classes = {
	};
	objectVersion = 46;
	objects = {

/* Begin PBXBuildFile section */
		E17F24451E4CDC5E00AD17A6 /* DrinkDetailViewController.swift in Sources */ = {isa = PBXBuildFile; fileRef = E17F24441E4CDC5E00AD17A6 /* DrinkDetailViewController.swift */; };
		E17F24471E4D09A300AD17A6 /* FavoritesViewController.swift in Sources */ = {isa = PBXBuildFile; fileRef = E17F24461E4D09A300AD17A6 /* FavoritesViewController.swift */; };
		E17F24491E4D122600AD17A6 /* GeneratedRecipesViewController.swift in Sources */ = {isa = PBXBuildFile; fileRef = E17F24481E4D122600AD17A6 /* GeneratedRecipesViewController.swift */; };
		E18853231E4914CD005C8C37 /* AppDelegate.swift in Sources */ = {isa = PBXBuildFile; fileRef = E18853221E4914CD005C8C37 /* AppDelegate.swift */; };
		E18853251E4914CD005C8C37 /* BirthdayViewController.swift in Sources */ = {isa = PBXBuildFile; fileRef = E18853241E4914CD005C8C37 /* BirthdayViewController.swift */; };
		E18853281E4914CD005C8C37 /* Main.storyboard in Resources */ = {isa = PBXBuildFile; fileRef = E18853261E4914CD005C8C37 /* Main.storyboard */; };
		E188532A1E4914CD005C8C37 /* Assets.xcassets in Resources */ = {isa = PBXBuildFile; fileRef = E18853291E4914CD005C8C37 /* Assets.xcassets */; };
		E188532D1E4914CD005C8C37 /* LaunchScreen.storyboard in Resources */ = {isa = PBXBuildFile; fileRef = E188532B1E4914CD005C8C37 /* LaunchScreen.storyboard */; };
		E18853381E4914CD005C8C37 /* MixedUpTests.swift in Sources */ = {isa = PBXBuildFile; fileRef = E18853371E4914CD005C8C37 /* MixedUpTests.swift */; };
		E18853431E4914CD005C8C37 /* MixedUpUITests.swift in Sources */ = {isa = PBXBuildFile; fileRef = E18853421E4914CD005C8C37 /* MixedUpUITests.swift */; };
		E18853521E4914F4005C8C37 /* MixedUpDataModel.xcdatamodeld in Sources */ = {isa = PBXBuildFile; fileRef = E18853501E4914F4005C8C37 /* MixedUpDataModel.xcdatamodeld */; };
		E18853601E492120005C8C37 /* ToolTests.swift in Sources */ = {isa = PBXBuildFile; fileRef = E188535F1E492120005C8C37 /* ToolTests.swift */; };
		E18853651E4921F9005C8C37 /* GlassTests.swift in Sources */ = {isa = PBXBuildFile; fileRef = E18853641E4921F9005C8C37 /* GlassTests.swift */; };
		E18853AF1E4945E1005C8C37 /* CoreDataStack.swift in Sources */ = {isa = PBXBuildFile; fileRef = E18853AE1E4945E1005C8C37 /* CoreDataStack.swift */; };
		E18853B11E4946FF005C8C37 /* MixedUpAPI.swift in Sources */ = {isa = PBXBuildFile; fileRef = E18853B01E4946FF005C8C37 /* MixedUpAPI.swift */; };
		E18853B41E4956EB005C8C37 /* Util.swift in Sources */ = {isa = PBXBuildFile; fileRef = E18853B21E4954BD005C8C37 /* Util.swift */; };
		E18853DB1E497E72005C8C37 /* Color+CoreDataClass.swift in Sources */ = {isa = PBXBuildFile; fileRef = E18853C31E497E18005C8C37 /* Color+CoreDataClass.swift */; };
		E18853DC1E497E78005C8C37 /* Ingredient+CoreDataClass.swift in Sources */ = {isa = PBXBuildFile; fileRef = E18853B71E497E18005C8C37 /* Ingredient+CoreDataClass.swift */; };
		E18853DD1E497E83005C8C37 /* Ingredient+CoreDataProperties.swift in Sources */ = {isa = PBXBuildFile; fileRef = E18853B81E497E18005C8C37 /* Ingredient+CoreDataProperties.swift */; };
		E18853DE1E497E86005C8C37 /* IngredientType+CoreDataClass.swift in Sources */ = {isa = PBXBuildFile; fileRef = E18853B91E497E18005C8C37 /* IngredientType+CoreDataClass.swift */; };
		E18853DF1E497E8A005C8C37 /* IngredientType+CoreDataProperties.swift in Sources */ = {isa = PBXBuildFile; fileRef = E18853BA1E497E18005C8C37 /* IngredientType+CoreDataProperties.swift */; };
		E18853E01E497E8D005C8C37 /* Location+CoreDataClass.swift in Sources */ = {isa = PBXBuildFile; fileRef = E18853BB1E497E18005C8C37 /* Location+CoreDataClass.swift */; };
		E18853E11E497E90005C8C37 /* Location+CoreDataProperties.swift in Sources */ = {isa = PBXBuildFile; fileRef = E18853BC1E497E18005C8C37 /* Location+CoreDataProperties.swift */; };
		E18853E21E497E94005C8C37 /* Glass+CoreDataClass.swift in Sources */ = {isa = PBXBuildFile; fileRef = E18853BD1E497E18005C8C37 /* Glass+CoreDataClass.swift */; };
		E18853E31E497E97005C8C37 /* Glass+CoreDataProperties.swift in Sources */ = {isa = PBXBuildFile; fileRef = E18853BE1E497E18005C8C37 /* Glass+CoreDataProperties.swift */; };
		E18853E41E497E9B005C8C37 /* Drink+CoreDataClass.swift in Sources */ = {isa = PBXBuildFile; fileRef = E18853BF1E497E18005C8C37 /* Drink+CoreDataClass.swift */; };
		E18853E51E497E9E005C8C37 /* Drink+CoreDataProperties.swift in Sources */ = {isa = PBXBuildFile; fileRef = E18853C01E497E18005C8C37 /* Drink+CoreDataProperties.swift */; };
		E18853E61E497EA1005C8C37 /* Tool+CoreDataClass.swift in Sources */ = {isa = PBXBuildFile; fileRef = E18853C11E497E18005C8C37 /* Tool+CoreDataClass.swift */; };
		E18853E71E497EA5005C8C37 /* Tool+CoreDataProperties.swift in Sources */ = {isa = PBXBuildFile; fileRef = E18853C21E497E18005C8C37 /* Tool+CoreDataProperties.swift */; };
		E18853E81E497EAA005C8C37 /* Color+CoreDataProperties.swift in Sources */ = {isa = PBXBuildFile; fileRef = E18853C41E497E18005C8C37 /* Color+CoreDataProperties.swift */; };
		E18853E91E497EAE005C8C37 /* User+CoreDataClass.swift in Sources */ = {isa = PBXBuildFile; fileRef = E18853C51E497E18005C8C37 /* User+CoreDataClass.swift */; };
		E18853EA1E497EB2005C8C37 /* User+CoreDataProperties.swift in Sources */ = {isa = PBXBuildFile; fileRef = E18853C61E497E18005C8C37 /* User+CoreDataProperties.swift */; };
		E18853EB1E497EB6005C8C37 /* Bar+CoreDataClass.swift in Sources */ = {isa = PBXBuildFile; fileRef = E18853C71E497E18005C8C37 /* Bar+CoreDataClass.swift */; };
		E18853EC1E497EBA005C8C37 /* Bar+CoreDataProperties.swift in Sources */ = {isa = PBXBuildFile; fileRef = E18853C81E497E18005C8C37 /* Bar+CoreDataProperties.swift */; };
		E18853EE1E4A2A95005C8C37 /* IngredientTypeTests.swift in Sources */ = {isa = PBXBuildFile; fileRef = E18853ED1E4A2A95005C8C37 /* IngredientTypeTests.swift */; };
		E18853F01E4A332A005C8C37 /* ColorTests.swift in Sources */ = {isa = PBXBuildFile; fileRef = E18853EF1E4A332A005C8C37 /* ColorTests.swift */; };
		E18853F21E4A3E1C005C8C37 /* IngredientTests.swift in Sources */ = {isa = PBXBuildFile; fileRef = E18853F11E4A3E1C005C8C37 /* IngredientTests.swift */; };
		E18853F41E4A4464005C8C37 /* DrinkTests.swift in Sources */ = {isa = PBXBuildFile; fileRef = E18853F31E4A4464005C8C37 /* DrinkTests.swift */; };
		E18853F61E4A62C1005C8C37 /* UserTests.swift in Sources */ = {isa = PBXBuildFile; fileRef = E18853F51E4A62C1005C8C37 /* UserTests.swift */; };
		E18853F81E4A68EB005C8C37 /* MixedUpAPITests.swift in Sources */ = {isa = PBXBuildFile; fileRef = E18853F71E4A68EB005C8C37 /* MixedUpAPITests.swift */; };
		E18853FB1E4A9CC6005C8C37 /* UserService.swift in Sources */ = {isa = PBXBuildFile; fileRef = E18853FA1E4A9CC6005C8C37 /* UserService.swift */; };
		E18853FD1E4AB6B2005C8C37 /* DrinkService.swift in Sources */ = {isa = PBXBuildFile; fileRef = E18853FC1E4AB6B2005C8C37 /* DrinkService.swift */; };
		E18853FF1E4AD77C005C8C37 /* IngredientService.swift in Sources */ = {isa = PBXBuildFile; fileRef = E18853FE1E4AD77C005C8C37 /* IngredientService.swift */; };
		E18854011E4B5896005C8C37 /* TabsViewController.swift in Sources */ = {isa = PBXBuildFile; fileRef = E18854001E4B5896005C8C37 /* TabsViewController.swift */; };
		E1C3C3591E510DF50012E60E /* TypeService.swift in Sources */ = {isa = PBXBuildFile; fileRef = E1C3C3581E510DF50012E60E /* TypeService.swift */; };
		E1C3C3BF1E5490040012E60E /* StyleKitGlasses.swift in Sources */ = {isa = PBXBuildFile; fileRef = E1C3C3BE1E5490040012E60E /* StyleKitGlasses.swift */; };
		E1C3C3C11E5491F10012E60E /* ShotGlass.swift in Sources */ = {isa = PBXBuildFile; fileRef = E1C3C3C01E5491F10012E60E /* ShotGlass.swift */; };
		E1C3C3C31E5492590012E60E /* MartiniWithOlive.swift in Sources */ = {isa = PBXBuildFile; fileRef = E1C3C3C21E5492590012E60E /* MartiniWithOlive.swift */; };
		E1C3C3C51E54935A0012E60E /* LowBallWithLemon.swift in Sources */ = {isa = PBXBuildFile; fileRef = E1C3C3C41E54935A0012E60E /* LowBallWithLemon.swift */; };
		E1C3C3C71E5493950012E60E /* BeerGlass.swift in Sources */ = {isa = PBXBuildFile; fileRef = E1C3C3C61E5493950012E60E /* BeerGlass.swift */; };
		E1C3C3C91E54940A0012E60E /* BeerStein.swift in Sources */ = {isa = PBXBuildFile; fileRef = E1C3C3C81E54940A0012E60E /* BeerStein.swift */; };
		E1C3C3CB1E54948F0012E60E /* Martini.swift in Sources */ = {isa = PBXBuildFile; fileRef = E1C3C3CA1E54948F0012E60E /* Martini.swift */; };
		E1C3C3CD1E5494C20012E60E /* HurricaneWithUmbrella.swift in Sources */ = {isa = PBXBuildFile; fileRef = E1C3C3CC1E5494C20012E60E /* HurricaneWithUmbrella.swift */; };
		E1C3C3CF1E5494FB0012E60E /* MartiniWithCherry.swift in Sources */ = {isa = PBXBuildFile; fileRef = E1C3C3CE1E5494FB0012E60E /* MartiniWithCherry.swift */; };
		E1C3C3D11E5495210012E60E /* Coconut.swift in Sources */ = {isa = PBXBuildFile; fileRef = E1C3C3D01E5495210012E60E /* Coconut.swift */; };
		E1C3C3D31E5495560012E60E /* Hurricane.swift in Sources */ = {isa = PBXBuildFile; fileRef = E1C3C3D21E5495560012E60E /* Hurricane.swift */; };
		E1C3C3D51E5495840012E60E /* PlainHighBall.swift in Sources */ = {isa = PBXBuildFile; fileRef = E1C3C3D41E5495840012E60E /* PlainHighBall.swift */; };
		E1C3C3D71E5495AD0012E60E /* BottleWithGlass.swift in Sources */ = {isa = PBXBuildFile; fileRef = E1C3C3D61E5495AD0012E60E /* BottleWithGlass.swift */; };
		E1C3C3D91E5495DE0012E60E /* MartiniWithUmbrella.swift in Sources */ = {isa = PBXBuildFile; fileRef = E1C3C3D81E5495DE0012E60E /* MartiniWithUmbrella.swift */; };
		E1C3C3DB1E54960B0012E60E /* Weizen.swift in Sources */ = {isa = PBXBuildFile; fileRef = E1C3C3DA1E54960B0012E60E /* Weizen.swift */; };
		E1C3C3DD1E5499E70012E60E /* Bottles.swift in Sources */ = {isa = PBXBuildFile; fileRef = E1C3C3DC1E5499E70012E60E /* Bottles.swift */; };
		E1C3C3DF1E549A0D0012E60E /* Bottle.swift in Sources */ = {isa = PBXBuildFile; fileRef = E1C3C3DE1E549A0D0012E60E /* Bottle.swift */; };
		E1C3C3E11E549A2E0012E60E /* WineGlass.swift in Sources */ = {isa = PBXBuildFile; fileRef = E1C3C3E01E549A2E0012E60E /* WineGlass.swift */; };
		E1C3C3E31E549A540012E60E /* Champagne.swift in Sources */ = {isa = PBXBuildFile; fileRef = E1C3C3E21E549A540012E60E /* Champagne.swift */; };
		E1C3C3E51E549A820012E60E /* HighBallWithLemon.swift in Sources */ = {isa = PBXBuildFile; fileRef = E1C3C3E41E549A820012E60E /* HighBallWithLemon.swift */; };
		E1C3C3E71E549AAA0012E60E /* HighBallWithStraw.swift in Sources */ = {isa = PBXBuildFile; fileRef = E1C3C3E61E549AAA0012E60E /* HighBallWithStraw.swift */; };
		E1C3C3E91E549AD40012E60E /* LowBall.swift in Sources */ = {isa = PBXBuildFile; fileRef = E1C3C3E81E549AD40012E60E /* LowBall.swift */; };
		E1D00C3A1E4B743600C478CA /* IBACell.swift in Sources */ = {isa = PBXBuildFile; fileRef = E1D00C391E4B743600C478CA /* IBACell.swift */; };
		E1D00C3C1E4B7A2200C478CA /* IBAViewController.swift in Sources */ = {isa = PBXBuildFile; fileRef = E1D00C3B1E4B7A2200C478CA /* IBAViewController.swift */; };
		E1D00C3F1E4BA05B00C478CA /* InventoryTableViewController.swift in Sources */ = {isa = PBXBuildFile; fileRef = E1D00C3E1E4BA05B00C478CA /* InventoryTableViewController.swift */; };
		E1D00C411E4BBB8700C478CA /* IngredientTypeCell.swift in Sources */ = {isa = PBXBuildFile; fileRef = E1D00C401E4BBB8700C478CA /* IngredientTypeCell.swift */; };
		E1D00C431E4BC1E200C478CA /* IngredientCell.swift in Sources */ = {isa = PBXBuildFile; fileRef = E1D00C421E4BC1E200C478CA /* IngredientCell.swift */; };
		E1D00C451E4BC20100C478CA /* IngredientListController.swift in Sources */ = {isa = PBXBuildFile; fileRef = E1D00C441E4BC20100C478CA /* IngredientListController.swift */; };
		E1D00C471E4BCC2A00C478CA /* addInventoryViewController.swift in Sources */ = {isa = PBXBuildFile; fileRef = E1D00C461E4BCC2A00C478CA /* addInventoryViewController.swift */; };
		E1D00C491E4C12DB00C478CA /* Theme.swift in Sources */ = {isa = PBXBuildFile; fileRef = E1D00C481E4C12DB00C478CA /* Theme.swift */; };
/* End PBXBuildFile section */

/* Begin PBXContainerItemProxy section */
		E18853341E4914CD005C8C37 /* PBXContainerItemProxy */ = {
			isa = PBXContainerItemProxy;
			containerPortal = E18853171E4914CD005C8C37 /* Project object */;
			proxyType = 1;
			remoteGlobalIDString = E188531E1E4914CD005C8C37;
			remoteInfo = MixedUp;
		};
		E188533F1E4914CD005C8C37 /* PBXContainerItemProxy */ = {
			isa = PBXContainerItemProxy;
			containerPortal = E18853171E4914CD005C8C37 /* Project object */;
			proxyType = 1;
			remoteGlobalIDString = E188531E1E4914CD005C8C37;
			remoteInfo = MixedUp;
		};
/* End PBXContainerItemProxy section */

/* Begin PBXFileReference section */
		E17F24441E4CDC5E00AD17A6 /* DrinkDetailViewController.swift */ = {isa = PBXFileReference; fileEncoding = 4; lastKnownFileType = sourcecode.swift; path = DrinkDetailViewController.swift; sourceTree = "<group>"; };
		E17F24461E4D09A300AD17A6 /* FavoritesViewController.swift */ = {isa = PBXFileReference; fileEncoding = 4; lastKnownFileType = sourcecode.swift; path = FavoritesViewController.swift; sourceTree = "<group>"; };
		E17F24481E4D122600AD17A6 /* GeneratedRecipesViewController.swift */ = {isa = PBXFileReference; fileEncoding = 4; lastKnownFileType = sourcecode.swift; path = GeneratedRecipesViewController.swift; sourceTree = "<group>"; };
		E188531F1E4914CD005C8C37 /* MixedUp.app */ = {isa = PBXFileReference; explicitFileType = wrapper.application; includeInIndex = 0; path = MixedUp.app; sourceTree = BUILT_PRODUCTS_DIR; };
		E18853221E4914CD005C8C37 /* AppDelegate.swift */ = {isa = PBXFileReference; lastKnownFileType = sourcecode.swift; path = AppDelegate.swift; sourceTree = "<group>"; };
		E18853241E4914CD005C8C37 /* BirthdayViewController.swift */ = {isa = PBXFileReference; lastKnownFileType = sourcecode.swift; path = BirthdayViewController.swift; sourceTree = "<group>"; };
		E18853271E4914CD005C8C37 /* Base */ = {isa = PBXFileReference; lastKnownFileType = file.storyboard; name = Base; path = Base.lproj/Main.storyboard; sourceTree = "<group>"; };
		E18853291E4914CD005C8C37 /* Assets.xcassets */ = {isa = PBXFileReference; lastKnownFileType = folder.assetcatalog; path = Assets.xcassets; sourceTree = "<group>"; };
		E188532C1E4914CD005C8C37 /* Base */ = {isa = PBXFileReference; lastKnownFileType = file.storyboard; name = Base; path = Base.lproj/LaunchScreen.storyboard; sourceTree = "<group>"; };
		E188532E1E4914CD005C8C37 /* Info.plist */ = {isa = PBXFileReference; lastKnownFileType = text.plist.xml; path = Info.plist; sourceTree = "<group>"; };
		E18853331E4914CD005C8C37 /* MixedUpTests.xctest */ = {isa = PBXFileReference; explicitFileType = wrapper.cfbundle; includeInIndex = 0; path = MixedUpTests.xctest; sourceTree = BUILT_PRODUCTS_DIR; };
		E18853371E4914CD005C8C37 /* MixedUpTests.swift */ = {isa = PBXFileReference; lastKnownFileType = sourcecode.swift; path = MixedUpTests.swift; sourceTree = "<group>"; };
		E18853391E4914CD005C8C37 /* Info.plist */ = {isa = PBXFileReference; lastKnownFileType = text.plist.xml; name = Info.plist; path = MixedUpTests/Info.plist; sourceTree = SOURCE_ROOT; };
		E188533E1E4914CD005C8C37 /* MixedUpUITests.xctest */ = {isa = PBXFileReference; explicitFileType = wrapper.cfbundle; includeInIndex = 0; path = MixedUpUITests.xctest; sourceTree = BUILT_PRODUCTS_DIR; };
		E18853421E4914CD005C8C37 /* MixedUpUITests.swift */ = {isa = PBXFileReference; lastKnownFileType = sourcecode.swift; path = MixedUpUITests.swift; sourceTree = "<group>"; };
		E18853441E4914CD005C8C37 /* Info.plist */ = {isa = PBXFileReference; lastKnownFileType = text.plist.xml; path = Info.plist; sourceTree = "<group>"; };
		E18853511E4914F4005C8C37 /* MixedUpDataModel.xcdatamodel */ = {isa = PBXFileReference; lastKnownFileType = wrapper.xcdatamodel; path = MixedUpDataModel.xcdatamodel; sourceTree = "<group>"; };
		E188535F1E492120005C8C37 /* ToolTests.swift */ = {isa = PBXFileReference; fileEncoding = 4; lastKnownFileType = sourcecode.swift; path = ToolTests.swift; sourceTree = "<group>"; };
		E18853641E4921F9005C8C37 /* GlassTests.swift */ = {isa = PBXFileReference; fileEncoding = 4; lastKnownFileType = sourcecode.swift; path = GlassTests.swift; sourceTree = "<group>"; };
		E18853AE1E4945E1005C8C37 /* CoreDataStack.swift */ = {isa = PBXFileReference; fileEncoding = 4; lastKnownFileType = sourcecode.swift; path = CoreDataStack.swift; sourceTree = "<group>"; };
		E18853B01E4946FF005C8C37 /* MixedUpAPI.swift */ = {isa = PBXFileReference; fileEncoding = 4; lastKnownFileType = sourcecode.swift; path = MixedUpAPI.swift; sourceTree = "<group>"; };
		E18853B21E4954BD005C8C37 /* Util.swift */ = {isa = PBXFileReference; fileEncoding = 4; lastKnownFileType = sourcecode.swift; name = Util.swift; path = MixedUpTests/Util.swift; sourceTree = SOURCE_ROOT; };
		E18853B71E497E18005C8C37 /* Ingredient+CoreDataClass.swift */ = {isa = PBXFileReference; fileEncoding = 4; lastKnownFileType = sourcecode.swift; name = "Ingredient+CoreDataClass.swift"; path = "../Ingredient+CoreDataClass.swift"; sourceTree = "<group>"; };
		E18853B81E497E18005C8C37 /* Ingredient+CoreDataProperties.swift */ = {isa = PBXFileReference; fileEncoding = 4; lastKnownFileType = sourcecode.swift; name = "Ingredient+CoreDataProperties.swift"; path = "../Ingredient+CoreDataProperties.swift"; sourceTree = "<group>"; };
		E18853B91E497E18005C8C37 /* IngredientType+CoreDataClass.swift */ = {isa = PBXFileReference; fileEncoding = 4; lastKnownFileType = sourcecode.swift; name = "IngredientType+CoreDataClass.swift"; path = "../IngredientType+CoreDataClass.swift"; sourceTree = "<group>"; };
		E18853BA1E497E18005C8C37 /* IngredientType+CoreDataProperties.swift */ = {isa = PBXFileReference; fileEncoding = 4; lastKnownFileType = sourcecode.swift; name = "IngredientType+CoreDataProperties.swift"; path = "../IngredientType+CoreDataProperties.swift"; sourceTree = "<group>"; };
		E18853BB1E497E18005C8C37 /* Location+CoreDataClass.swift */ = {isa = PBXFileReference; fileEncoding = 4; lastKnownFileType = sourcecode.swift; name = "Location+CoreDataClass.swift"; path = "../Location+CoreDataClass.swift"; sourceTree = "<group>"; };
		E18853BC1E497E18005C8C37 /* Location+CoreDataProperties.swift */ = {isa = PBXFileReference; fileEncoding = 4; lastKnownFileType = sourcecode.swift; name = "Location+CoreDataProperties.swift"; path = "../Location+CoreDataProperties.swift"; sourceTree = "<group>"; };
		E18853BD1E497E18005C8C37 /* Glass+CoreDataClass.swift */ = {isa = PBXFileReference; fileEncoding = 4; lastKnownFileType = sourcecode.swift; name = "Glass+CoreDataClass.swift"; path = "../Glass+CoreDataClass.swift"; sourceTree = "<group>"; };
		E18853BE1E497E18005C8C37 /* Glass+CoreDataProperties.swift */ = {isa = PBXFileReference; fileEncoding = 4; lastKnownFileType = sourcecode.swift; name = "Glass+CoreDataProperties.swift"; path = "../Glass+CoreDataProperties.swift"; sourceTree = "<group>"; };
		E18853BF1E497E18005C8C37 /* Drink+CoreDataClass.swift */ = {isa = PBXFileReference; fileEncoding = 4; lastKnownFileType = sourcecode.swift; name = "Drink+CoreDataClass.swift"; path = "../Drink+CoreDataClass.swift"; sourceTree = "<group>"; };
		E18853C01E497E18005C8C37 /* Drink+CoreDataProperties.swift */ = {isa = PBXFileReference; fileEncoding = 4; lastKnownFileType = sourcecode.swift; name = "Drink+CoreDataProperties.swift"; path = "../Drink+CoreDataProperties.swift"; sourceTree = "<group>"; };
		E18853C11E497E18005C8C37 /* Tool+CoreDataClass.swift */ = {isa = PBXFileReference; fileEncoding = 4; lastKnownFileType = sourcecode.swift; name = "Tool+CoreDataClass.swift"; path = "../Tool+CoreDataClass.swift"; sourceTree = "<group>"; };
		E18853C21E497E18005C8C37 /* Tool+CoreDataProperties.swift */ = {isa = PBXFileReference; fileEncoding = 4; lastKnownFileType = sourcecode.swift; name = "Tool+CoreDataProperties.swift"; path = "../Tool+CoreDataProperties.swift"; sourceTree = "<group>"; };
		E18853C31E497E18005C8C37 /* Color+CoreDataClass.swift */ = {isa = PBXFileReference; fileEncoding = 4; lastKnownFileType = sourcecode.swift; name = "Color+CoreDataClass.swift"; path = "../Color+CoreDataClass.swift"; sourceTree = "<group>"; };
		E18853C41E497E18005C8C37 /* Color+CoreDataProperties.swift */ = {isa = PBXFileReference; fileEncoding = 4; lastKnownFileType = sourcecode.swift; name = "Color+CoreDataProperties.swift"; path = "../Color+CoreDataProperties.swift"; sourceTree = "<group>"; };
		E18853C51E497E18005C8C37 /* User+CoreDataClass.swift */ = {isa = PBXFileReference; fileEncoding = 4; lastKnownFileType = sourcecode.swift; name = "User+CoreDataClass.swift"; path = "../User+CoreDataClass.swift"; sourceTree = "<group>"; };
		E18853C61E497E18005C8C37 /* User+CoreDataProperties.swift */ = {isa = PBXFileReference; fileEncoding = 4; lastKnownFileType = sourcecode.swift; name = "User+CoreDataProperties.swift"; path = "../User+CoreDataProperties.swift"; sourceTree = "<group>"; };
		E18853C71E497E18005C8C37 /* Bar+CoreDataClass.swift */ = {isa = PBXFileReference; fileEncoding = 4; lastKnownFileType = sourcecode.swift; name = "Bar+CoreDataClass.swift"; path = "../Bar+CoreDataClass.swift"; sourceTree = "<group>"; };
		E18853C81E497E18005C8C37 /* Bar+CoreDataProperties.swift */ = {isa = PBXFileReference; fileEncoding = 4; lastKnownFileType = sourcecode.swift; name = "Bar+CoreDataProperties.swift"; path = "../Bar+CoreDataProperties.swift"; sourceTree = "<group>"; };
		E18853ED1E4A2A95005C8C37 /* IngredientTypeTests.swift */ = {isa = PBXFileReference; fileEncoding = 4; lastKnownFileType = sourcecode.swift; path = IngredientTypeTests.swift; sourceTree = "<group>"; };
		E18853EF1E4A332A005C8C37 /* ColorTests.swift */ = {isa = PBXFileReference; fileEncoding = 4; lastKnownFileType = sourcecode.swift; path = ColorTests.swift; sourceTree = "<group>"; };
		E18853F11E4A3E1C005C8C37 /* IngredientTests.swift */ = {isa = PBXFileReference; fileEncoding = 4; lastKnownFileType = sourcecode.swift; path = IngredientTests.swift; sourceTree = "<group>"; };
		E18853F31E4A4464005C8C37 /* DrinkTests.swift */ = {isa = PBXFileReference; fileEncoding = 4; lastKnownFileType = sourcecode.swift; path = DrinkTests.swift; sourceTree = "<group>"; };
		E18853F51E4A62C1005C8C37 /* UserTests.swift */ = {isa = PBXFileReference; fileEncoding = 4; lastKnownFileType = sourcecode.swift; path = UserTests.swift; sourceTree = "<group>"; };
		E18853F71E4A68EB005C8C37 /* MixedUpAPITests.swift */ = {isa = PBXFileReference; fileEncoding = 4; lastKnownFileType = sourcecode.swift; path = MixedUpAPITests.swift; sourceTree = "<group>"; };
		E18853FA1E4A9CC6005C8C37 /* UserService.swift */ = {isa = PBXFileReference; fileEncoding = 4; lastKnownFileType = sourcecode.swift; path = UserService.swift; sourceTree = "<group>"; };
		E18853FC1E4AB6B2005C8C37 /* DrinkService.swift */ = {isa = PBXFileReference; fileEncoding = 4; lastKnownFileType = sourcecode.swift; path = DrinkService.swift; sourceTree = "<group>"; };
		E18853FE1E4AD77C005C8C37 /* IngredientService.swift */ = {isa = PBXFileReference; fileEncoding = 4; lastKnownFileType = sourcecode.swift; path = IngredientService.swift; sourceTree = "<group>"; };
		E18854001E4B5896005C8C37 /* TabsViewController.swift */ = {isa = PBXFileReference; fileEncoding = 4; lastKnownFileType = sourcecode.swift; path = TabsViewController.swift; sourceTree = "<group>"; };
		E1C3C3581E510DF50012E60E /* TypeService.swift */ = {isa = PBXFileReference; fileEncoding = 4; lastKnownFileType = sourcecode.swift; path = TypeService.swift; sourceTree = "<group>"; };
		E1C3C3BE1E5490040012E60E /* StyleKitGlasses.swift */ = {isa = PBXFileReference; fileEncoding = 4; lastKnownFileType = sourcecode.swift; path = StyleKitGlasses.swift; sourceTree = "<group>"; };
		E1C3C3C01E5491F10012E60E /* ShotGlass.swift */ = {isa = PBXFileReference; fileEncoding = 4; lastKnownFileType = sourcecode.swift; path = ShotGlass.swift; sourceTree = "<group>"; };
		E1C3C3C21E5492590012E60E /* MartiniWithOlive.swift */ = {isa = PBXFileReference; fileEncoding = 4; lastKnownFileType = sourcecode.swift; path = MartiniWithOlive.swift; sourceTree = "<group>"; };
		E1C3C3C41E54935A0012E60E /* LowBallWithLemon.swift */ = {isa = PBXFileReference; fileEncoding = 4; lastKnownFileType = sourcecode.swift; name = LowBallWithLemon.swift; path = ../LowBallWithLemon.swift; sourceTree = "<group>"; };
		E1C3C3C61E5493950012E60E /* BeerGlass.swift */ = {isa = PBXFileReference; fileEncoding = 4; lastKnownFileType = sourcecode.swift; path = BeerGlass.swift; sourceTree = "<group>"; };
		E1C3C3C81E54940A0012E60E /* BeerStein.swift */ = {isa = PBXFileReference; fileEncoding = 4; lastKnownFileType = sourcecode.swift; path = BeerStein.swift; sourceTree = "<group>"; };
		E1C3C3CA1E54948F0012E60E /* Martini.swift */ = {isa = PBXFileReference; fileEncoding = 4; lastKnownFileType = sourcecode.swift; path = Martini.swift; sourceTree = "<group>"; };
		E1C3C3CC1E5494C20012E60E /* HurricaneWithUmbrella.swift */ = {isa = PBXFileReference; fileEncoding = 4; lastKnownFileType = sourcecode.swift; path = HurricaneWithUmbrella.swift; sourceTree = "<group>"; };
		E1C3C3CE1E5494FB0012E60E /* MartiniWithCherry.swift */ = {isa = PBXFileReference; fileEncoding = 4; lastKnownFileType = sourcecode.swift; path = MartiniWithCherry.swift; sourceTree = "<group>"; };
		E1C3C3D01E5495210012E60E /* Coconut.swift */ = {isa = PBXFileReference; fileEncoding = 4; lastKnownFileType = sourcecode.swift; path = Coconut.swift; sourceTree = "<group>"; };
		E1C3C3D21E5495560012E60E /* Hurricane.swift */ = {isa = PBXFileReference; fileEncoding = 4; lastKnownFileType = sourcecode.swift; path = Hurricane.swift; sourceTree = "<group>"; };
		E1C3C3D41E5495840012E60E /* PlainHighBall.swift */ = {isa = PBXFileReference; fileEncoding = 4; lastKnownFileType = sourcecode.swift; path = PlainHighBall.swift; sourceTree = "<group>"; };
		E1C3C3D61E5495AD0012E60E /* BottleWithGlass.swift */ = {isa = PBXFileReference; fileEncoding = 4; lastKnownFileType = sourcecode.swift; path = BottleWithGlass.swift; sourceTree = "<group>"; };
		E1C3C3D81E5495DE0012E60E /* MartiniWithUmbrella.swift */ = {isa = PBXFileReference; fileEncoding = 4; lastKnownFileType = sourcecode.swift; path = MartiniWithUmbrella.swift; sourceTree = "<group>"; };
		E1C3C3DA1E54960B0012E60E /* Weizen.swift */ = {isa = PBXFileReference; fileEncoding = 4; lastKnownFileType = sourcecode.swift; path = Weizen.swift; sourceTree = "<group>"; };
		E1C3C3DC1E5499E70012E60E /* Bottles.swift */ = {isa = PBXFileReference; fileEncoding = 4; lastKnownFileType = sourcecode.swift; path = Bottles.swift; sourceTree = "<group>"; };
		E1C3C3DE1E549A0D0012E60E /* Bottle.swift */ = {isa = PBXFileReference; fileEncoding = 4; lastKnownFileType = sourcecode.swift; path = Bottle.swift; sourceTree = "<group>"; };
		E1C3C3E01E549A2E0012E60E /* WineGlass.swift */ = {isa = PBXFileReference; fileEncoding = 4; lastKnownFileType = sourcecode.swift; path = WineGlass.swift; sourceTree = "<group>"; };
		E1C3C3E21E549A540012E60E /* Champagne.swift */ = {isa = PBXFileReference; fileEncoding = 4; lastKnownFileType = sourcecode.swift; path = Champagne.swift; sourceTree = "<group>"; };
		E1C3C3E41E549A820012E60E /* HighBallWithLemon.swift */ = {isa = PBXFileReference; fileEncoding = 4; lastKnownFileType = sourcecode.swift; path = HighBallWithLemon.swift; sourceTree = "<group>"; };
		E1C3C3E61E549AAA0012E60E /* HighBallWithStraw.swift */ = {isa = PBXFileReference; fileEncoding = 4; lastKnownFileType = sourcecode.swift; path = HighBallWithStraw.swift; sourceTree = "<group>"; };
		E1C3C3E81E549AD40012E60E /* LowBall.swift */ = {isa = PBXFileReference; fileEncoding = 4; lastKnownFileType = sourcecode.swift; path = LowBall.swift; sourceTree = "<group>"; };
		E1D00C391E4B743600C478CA /* IBACell.swift */ = {isa = PBXFileReference; fileEncoding = 4; lastKnownFileType = sourcecode.swift; path = IBACell.swift; sourceTree = "<group>"; };
		E1D00C3B1E4B7A2200C478CA /* IBAViewController.swift */ = {isa = PBXFileReference; fileEncoding = 4; lastKnownFileType = sourcecode.swift; path = IBAViewController.swift; sourceTree = "<group>"; };
		E1D00C3E1E4BA05B00C478CA /* InventoryTableViewController.swift */ = {isa = PBXFileReference; fileEncoding = 4; lastKnownFileType = sourcecode.swift; path = InventoryTableViewController.swift; sourceTree = "<group>"; };
		E1D00C401E4BBB8700C478CA /* IngredientTypeCell.swift */ = {isa = PBXFileReference; fileEncoding = 4; lastKnownFileType = sourcecode.swift; path = IngredientTypeCell.swift; sourceTree = "<group>"; };
		E1D00C421E4BC1E200C478CA /* IngredientCell.swift */ = {isa = PBXFileReference; fileEncoding = 4; lastKnownFileType = sourcecode.swift; path = IngredientCell.swift; sourceTree = "<group>"; };
		E1D00C441E4BC20100C478CA /* IngredientListController.swift */ = {isa = PBXFileReference; fileEncoding = 4; lastKnownFileType = sourcecode.swift; path = IngredientListController.swift; sourceTree = "<group>"; };
		E1D00C461E4BCC2A00C478CA /* addInventoryViewController.swift */ = {isa = PBXFileReference; fileEncoding = 4; lastKnownFileType = sourcecode.swift; path = addInventoryViewController.swift; sourceTree = "<group>"; };
		E1D00C481E4C12DB00C478CA /* Theme.swift */ = {isa = PBXFileReference; fileEncoding = 4; lastKnownFileType = sourcecode.swift; path = Theme.swift; sourceTree = "<group>"; };
/* End PBXFileReference section */

/* Begin PBXFrameworksBuildPhase section */
		E188531C1E4914CD005C8C37 /* Frameworks */ = {
			isa = PBXFrameworksBuildPhase;
			buildActionMask = 2147483647;
			files = (
			);
			runOnlyForDeploymentPostprocessing = 0;
		};
		E18853301E4914CD005C8C37 /* Frameworks */ = {
			isa = PBXFrameworksBuildPhase;
			buildActionMask = 2147483647;
			files = (
			);
			runOnlyForDeploymentPostprocessing = 0;
		};
		E188533B1E4914CD005C8C37 /* Frameworks */ = {
			isa = PBXFrameworksBuildPhase;
			buildActionMask = 2147483647;
			files = (
			);
			runOnlyForDeploymentPostprocessing = 0;
		};
/* End PBXFrameworksBuildPhase section */

/* Begin PBXGroup section */
		E18853161E4914CD005C8C37 = {
			isa = PBXGroup;
			children = (
				E18853211E4914CD005C8C37 /* MixedUp */,
				E18853361E4914CD005C8C37 /* MixedUpTests */,
				E18853411E4914CD005C8C37 /* MixedUpUITests */,
				E18853201E4914CD005C8C37 /* Products */,
			);
			sourceTree = "<group>";
		};
		E18853201E4914CD005C8C37 /* Products */ = {
			isa = PBXGroup;
			children = (
				E188531F1E4914CD005C8C37 /* MixedUp.app */,
				E18853331E4914CD005C8C37 /* MixedUpTests.xctest */,
				E188533E1E4914CD005C8C37 /* MixedUpUITests.xctest */,
			);
			name = Products;
			sourceTree = "<group>";
		};
		E18853211E4914CD005C8C37 /* MixedUp */ = {
			isa = PBXGroup;
			children = (
				E18853221E4914CD005C8C37 /* AppDelegate.swift */,
				E18853241E4914CD005C8C37 /* BirthdayViewController.swift */,
				E18854001E4B5896005C8C37 /* TabsViewController.swift */,
				E1D00C3B1E4B7A2200C478CA /* IBAViewController.swift */,
				E17F24461E4D09A300AD17A6 /* FavoritesViewController.swift */,
				E17F24481E4D122600AD17A6 /* GeneratedRecipesViewController.swift */,
				E1D00C3E1E4BA05B00C478CA /* InventoryTableViewController.swift */,
				E1D00C401E4BBB8700C478CA /* IngredientTypeCell.swift */,
				E1D00C461E4BCC2A00C478CA /* addInventoryViewController.swift */,
				E17F24441E4CDC5E00AD17A6 /* DrinkDetailViewController.swift */,
				E18853261E4914CD005C8C37 /* Main.storyboard */,
				E1D00C441E4BC20100C478CA /* IngredientListController.swift */,
				E1D00C391E4B743600C478CA /* IBACell.swift */,
				E1D00C421E4BC1E200C478CA /* IngredientCell.swift */,
				E1C3C3AD1E53A8FB0012E60E /* DrawingViews */,
				E1D00C481E4C12DB00C478CA /* Theme.swift */,
				E18853F91E4A8E11005C8C37 /* Services/Storage */,
				E18853611E4921A1005C8C37 /* Model */,
				E18853291E4914CD005C8C37 /* Assets.xcassets */,
				E18853501E4914F4005C8C37 /* MixedUpDataModel.xcdatamodeld */,
				E188532B1E4914CD005C8C37 /* LaunchScreen.storyboard */,
				E188532E1E4914CD005C8C37 /* Info.plist */,
			);
			path = MixedUp;
			sourceTree = "<group>";
		};
		E18853361E4914CD005C8C37 /* MixedUpTests */ = {
			isa = PBXGroup;
			children = (
				E18853391E4914CD005C8C37 /* Info.plist */,
				E18853371E4914CD005C8C37 /* MixedUpTests.swift */,
				E18853F31E4A4464005C8C37 /* DrinkTests.swift */,
				E18853ED1E4A2A95005C8C37 /* IngredientTypeTests.swift */,
				E18853F11E4A3E1C005C8C37 /* IngredientTests.swift */,
				E18853EF1E4A332A005C8C37 /* ColorTests.swift */,
				E18853F71E4A68EB005C8C37 /* MixedUpAPITests.swift */,
				E18853F51E4A62C1005C8C37 /* UserTests.swift */,
				E18853641E4921F9005C8C37 /* GlassTests.swift */,
				E188535F1E492120005C8C37 /* ToolTests.swift */,
			);
			path = MixedUpTests;
			sourceTree = "<group>";
		};
		E18853411E4914CD005C8C37 /* MixedUpUITests */ = {
			isa = PBXGroup;
			children = (
				E18853421E4914CD005C8C37 /* MixedUpUITests.swift */,
				E18853441E4914CD005C8C37 /* Info.plist */,
			);
			path = MixedUpUITests;
			sourceTree = "<group>";
		};
		E18853611E4921A1005C8C37 /* Model */ = {
			isa = PBXGroup;
			children = (
				E18853B71E497E18005C8C37 /* Ingredient+CoreDataClass.swift */,
				E18853B81E497E18005C8C37 /* Ingredient+CoreDataProperties.swift */,
				E18853B91E497E18005C8C37 /* IngredientType+CoreDataClass.swift */,
				E18853BA1E497E18005C8C37 /* IngredientType+CoreDataProperties.swift */,
				E18853BB1E497E18005C8C37 /* Location+CoreDataClass.swift */,
				E18853BC1E497E18005C8C37 /* Location+CoreDataProperties.swift */,
				E18853BD1E497E18005C8C37 /* Glass+CoreDataClass.swift */,
				E18853BE1E497E18005C8C37 /* Glass+CoreDataProperties.swift */,
				E18853BF1E497E18005C8C37 /* Drink+CoreDataClass.swift */,
				E18853C01E497E18005C8C37 /* Drink+CoreDataProperties.swift */,
				E18853C11E497E18005C8C37 /* Tool+CoreDataClass.swift */,
				E18853C21E497E18005C8C37 /* Tool+CoreDataProperties.swift */,
				E18853C31E497E18005C8C37 /* Color+CoreDataClass.swift */,
				E18853C41E497E18005C8C37 /* Color+CoreDataProperties.swift */,
				E18853C51E497E18005C8C37 /* User+CoreDataClass.swift */,
				E18853C61E497E18005C8C37 /* User+CoreDataProperties.swift */,
				E18853C71E497E18005C8C37 /* Bar+CoreDataClass.swift */,
				E18853C81E497E18005C8C37 /* Bar+CoreDataProperties.swift */,
			);
			name = Model;
			sourceTree = "<group>";
		};
		E18853F91E4A8E11005C8C37 /* Services/Storage */ = {
			isa = PBXGroup;
			children = (
				E18853AE1E4945E1005C8C37 /* CoreDataStack.swift */,
				E18853B21E4954BD005C8C37 /* Util.swift */,
				E18853FC1E4AB6B2005C8C37 /* DrinkService.swift */,
				E18853FA1E4A9CC6005C8C37 /* UserService.swift */,
				E1C3C3581E510DF50012E60E /* TypeService.swift */,
				E18853FE1E4AD77C005C8C37 /* IngredientService.swift */,
				E18853B01E4946FF005C8C37 /* MixedUpAPI.swift */,
			);
			name = Services/Storage;
			sourceTree = "<group>";
		};
		E1C3C3AD1E53A8FB0012E60E /* DrawingViews */ = {
			isa = PBXGroup;
			children = (
				E1C3C3BE1E5490040012E60E /* StyleKitGlasses.swift */,
				E1C3C3C41E54935A0012E60E /* LowBallWithLemon.swift */,
				E1C3C3C21E5492590012E60E /* MartiniWithOlive.swift */,
				E1C3C3E01E549A2E0012E60E /* WineGlass.swift */,
				E1C3C3E61E549AAA0012E60E /* HighBallWithStraw.swift */,
				E1C3C3E21E549A540012E60E /* Champagne.swift */,
				E1C3C3E41E549A820012E60E /* HighBallWithLemon.swift */,
				E1C3C3C61E5493950012E60E /* BeerGlass.swift */,
				E1C3C3E81E549AD40012E60E /* LowBall.swift */,
				E1C3C3DE1E549A0D0012E60E /* Bottle.swift */,
				E1C3C3D21E5495560012E60E /* Hurricane.swift */,
				E1C3C3DC1E5499E70012E60E /* Bottles.swift */,
				E1C3C3D01E5495210012E60E /* Coconut.swift */,
				E1C3C3D81E5495DE0012E60E /* MartiniWithUmbrella.swift */,
				E1C3C3D61E5495AD0012E60E /* BottleWithGlass.swift */,
				E1C3C3D41E5495840012E60E /* PlainHighBall.swift */,
				E1C3C3CE1E5494FB0012E60E /* MartiniWithCherry.swift */,
				E1C3C3DA1E54960B0012E60E /* Weizen.swift */,
				E1C3C3C01E5491F10012E60E /* ShotGlass.swift */,
				E1C3C3CC1E5494C20012E60E /* HurricaneWithUmbrella.swift */,
				E1C3C3CA1E54948F0012E60E /* Martini.swift */,
				E1C3C3C81E54940A0012E60E /* BeerStein.swift */,
			);
			name = DrawingViews;
			sourceTree = "<group>";
		};
/* End PBXGroup section */

/* Begin PBXNativeTarget section */
		E188531E1E4914CD005C8C37 /* MixedUp */ = {
			isa = PBXNativeTarget;
			buildConfigurationList = E18853471E4914CD005C8C37 /* Build configuration list for PBXNativeTarget "MixedUp" */;
			buildPhases = (
				E188531B1E4914CD005C8C37 /* Sources */,
				E188531C1E4914CD005C8C37 /* Frameworks */,
				E188531D1E4914CD005C8C37 /* Resources */,
			);
			buildRules = (
			);
			dependencies = (
			);
			name = MixedUp;
			productName = MixedUp;
			productReference = E188531F1E4914CD005C8C37 /* MixedUp.app */;
			productType = "com.apple.product-type.application";
		};
		E18853321E4914CD005C8C37 /* MixedUpTests */ = {
			isa = PBXNativeTarget;
			buildConfigurationList = E188534A1E4914CD005C8C37 /* Build configuration list for PBXNativeTarget "MixedUpTests" */;
			buildPhases = (
				E188532F1E4914CD005C8C37 /* Sources */,
				E18853301E4914CD005C8C37 /* Frameworks */,
				E18853311E4914CD005C8C37 /* Resources */,
			);
			buildRules = (
			);
			dependencies = (
				E18853351E4914CD005C8C37 /* PBXTargetDependency */,
			);
			name = MixedUpTests;
			productName = MixedUpTests;
			productReference = E18853331E4914CD005C8C37 /* MixedUpTests.xctest */;
			productType = "com.apple.product-type.bundle.unit-test";
		};
		E188533D1E4914CD005C8C37 /* MixedUpUITests */ = {
			isa = PBXNativeTarget;
			buildConfigurationList = E188534D1E4914CD005C8C37 /* Build configuration list for PBXNativeTarget "MixedUpUITests" */;
			buildPhases = (
				E188533A1E4914CD005C8C37 /* Sources */,
				E188533B1E4914CD005C8C37 /* Frameworks */,
				E188533C1E4914CD005C8C37 /* Resources */,
			);
			buildRules = (
			);
			dependencies = (
				E18853401E4914CD005C8C37 /* PBXTargetDependency */,
			);
			name = MixedUpUITests;
			productName = MixedUpUITests;
			productReference = E188533E1E4914CD005C8C37 /* MixedUpUITests.xctest */;
			productType = "com.apple.product-type.bundle.ui-testing";
		};
/* End PBXNativeTarget section */

/* Begin PBXProject section */
		E18853171E4914CD005C8C37 /* Project object */ = {
			isa = PBXProject;
			attributes = {
				LastSwiftUpdateCheck = 0820;
				LastUpgradeCheck = 0820;
				ORGANIZATIONNAME = "Amy Roberson";
				TargetAttributes = {
					E188531E1E4914CD005C8C37 = {
						CreatedOnToolsVersion = 8.2.1;
						DevelopmentTeam = N75G8FC36Y;
						ProvisioningStyle = Automatic;
					};
					E18853321E4914CD005C8C37 = {
						CreatedOnToolsVersion = 8.2.1;
						DevelopmentTeam = N75G8FC36Y;
						ProvisioningStyle = Automatic;
						TestTargetID = E188531E1E4914CD005C8C37;
					};
					E188533D1E4914CD005C8C37 = {
						CreatedOnToolsVersion = 8.2.1;
						DevelopmentTeam = N75G8FC36Y;
						ProvisioningStyle = Automatic;
						TestTargetID = E188531E1E4914CD005C8C37;
					};
				};
			};
			buildConfigurationList = E188531A1E4914CD005C8C37 /* Build configuration list for PBXProject "MixedUp" */;
			compatibilityVersion = "Xcode 3.2";
			developmentRegion = English;
			hasScannedForEncodings = 0;
			knownRegions = (
				en,
				Base,
			);
			mainGroup = E18853161E4914CD005C8C37;
			productRefGroup = E18853201E4914CD005C8C37 /* Products */;
			projectDirPath = "";
			projectRoot = "";
			targets = (
				E188531E1E4914CD005C8C37 /* MixedUp */,
				E18853321E4914CD005C8C37 /* MixedUpTests */,
				E188533D1E4914CD005C8C37 /* MixedUpUITests */,
			);
		};
/* End PBXProject section */

/* Begin PBXResourcesBuildPhase section */
		E188531D1E4914CD005C8C37 /* Resources */ = {
			isa = PBXResourcesBuildPhase;
			buildActionMask = 2147483647;
			files = (
				E188532D1E4914CD005C8C37 /* LaunchScreen.storyboard in Resources */,
				E188532A1E4914CD005C8C37 /* Assets.xcassets in Resources */,
				E18853281E4914CD005C8C37 /* Main.storyboard in Resources */,
			);
			runOnlyForDeploymentPostprocessing = 0;
		};
		E18853311E4914CD005C8C37 /* Resources */ = {
			isa = PBXResourcesBuildPhase;
			buildActionMask = 2147483647;
			files = (
			);
			runOnlyForDeploymentPostprocessing = 0;
		};
		E188533C1E4914CD005C8C37 /* Resources */ = {
			isa = PBXResourcesBuildPhase;
			buildActionMask = 2147483647;
			files = (
			);
			runOnlyForDeploymentPostprocessing = 0;
		};
/* End PBXResourcesBuildPhase section */

/* Begin PBXSourcesBuildPhase section */
		E188531B1E4914CD005C8C37 /* Sources */ = {
			isa = PBXSourcesBuildPhase;
			buildActionMask = 2147483647;
			files = (
				E1C3C3C31E5492590012E60E /* MartiniWithOlive.swift in Sources */,
				E18853E41E497E9B005C8C37 /* Drink+CoreDataClass.swift in Sources */,
				E18853FB1E4A9CC6005C8C37 /* UserService.swift in Sources */,
				E18853E01E497E8D005C8C37 /* Location+CoreDataClass.swift in Sources */,
				E1C3C3E51E549A820012E60E /* HighBallWithLemon.swift in Sources */,
				E18853521E4914F4005C8C37 /* MixedUpDataModel.xcdatamodeld in Sources */,
				E1D00C3F1E4BA05B00C478CA /* InventoryTableViewController.swift in Sources */,
				E18853FF1E4AD77C005C8C37 /* IngredientService.swift in Sources */,
				E18853E81E497EAA005C8C37 /* Color+CoreDataProperties.swift in Sources */,
				E18853E71E497EA5005C8C37 /* Tool+CoreDataProperties.swift in Sources */,
				E1C3C3BF1E5490040012E60E /* StyleKitGlasses.swift in Sources */,
				E18853FD1E4AB6B2005C8C37 /* DrinkService.swift in Sources */,
				E1C3C3E11E549A2E0012E60E /* WineGlass.swift in Sources */,
				E1D00C491E4C12DB00C478CA /* Theme.swift in Sources */,
				E1C3C3CB1E54948F0012E60E /* Martini.swift in Sources */,
				E1C3C3DD1E5499E70012E60E /* Bottles.swift in Sources */,
				E17F24471E4D09A300AD17A6 /* FavoritesViewController.swift in Sources */,
				E18854011E4B5896005C8C37 /* TabsViewController.swift in Sources */,
				E18853DB1E497E72005C8C37 /* Color+CoreDataClass.swift in Sources */,
				E18853251E4914CD005C8C37 /* BirthdayViewController.swift in Sources */,
				E1D00C451E4BC20100C478CA /* IngredientListController.swift in Sources */,
				E18853EC1E497EBA005C8C37 /* Bar+CoreDataProperties.swift in Sources */,
				E18853E11E497E90005C8C37 /* Location+CoreDataProperties.swift in Sources */,
				E1C3C3DF1E549A0D0012E60E /* Bottle.swift in Sources */,
				E1C3C3E71E549AAA0012E60E /* HighBallWithStraw.swift in Sources */,
				E1C3C3D71E5495AD0012E60E /* BottleWithGlass.swift in Sources */,
				E18853DD1E497E83005C8C37 /* Ingredient+CoreDataProperties.swift in Sources */,
				E18853DE1E497E86005C8C37 /* IngredientType+CoreDataClass.swift in Sources */,
				E1D00C3A1E4B743600C478CA /* IBACell.swift in Sources */,
				E1D00C431E4BC1E200C478CA /* IngredientCell.swift in Sources */,
				E1C3C3C11E5491F10012E60E /* ShotGlass.swift in Sources */,
				E1C3C3D91E5495DE0012E60E /* MartiniWithUmbrella.swift in Sources */,
				E1C3C3DB1E54960B0012E60E /* Weizen.swift in Sources */,
				E18853E51E497E9E005C8C37 /* Drink+CoreDataProperties.swift in Sources */,
				E18853E61E497EA1005C8C37 /* Tool+CoreDataClass.swift in Sources */,
				E18853AF1E4945E1005C8C37 /* CoreDataStack.swift in Sources */,
				E18853E21E497E94005C8C37 /* Glass+CoreDataClass.swift in Sources */,
				E1C3C3D51E5495840012E60E /* PlainHighBall.swift in Sources */,
				E1C3C3C71E5493950012E60E /* BeerGlass.swift in Sources */,
				E1C3C3D31E5495560012E60E /* Hurricane.swift in Sources */,
				E1C3C3CF1E5494FB0012E60E /* MartiniWithCherry.swift in Sources */,
				E17F24491E4D122600AD17A6 /* GeneratedRecipesViewController.swift in Sources */,
				E18853B41E4956EB005C8C37 /* Util.swift in Sources */,
				E18853EB1E497EB6005C8C37 /* Bar+CoreDataClass.swift in Sources */,
				E18853E31E497E97005C8C37 /* Glass+CoreDataProperties.swift in Sources */,
				E18853DF1E497E8A005C8C37 /* IngredientType+CoreDataProperties.swift in Sources */,
				E18853231E4914CD005C8C37 /* AppDelegate.swift in Sources */,
				E17F24451E4CDC5E00AD17A6 /* DrinkDetailViewController.swift in Sources */,
				E18853EA1E497EB2005C8C37 /* User+CoreDataProperties.swift in Sources */,
				E1C3C3C91E54940A0012E60E /* BeerStein.swift in Sources */,
				E1C3C3CD1E5494C20012E60E /* HurricaneWithUmbrella.swift in Sources */,
				E18853DC1E497E78005C8C37 /* Ingredient+CoreDataClass.swift in Sources */,
				E1D00C3C1E4B7A2200C478CA /* IBAViewController.swift in Sources */,
				E1C3C3D11E5495210012E60E /* Coconut.swift in Sources */,
				E1D00C471E4BCC2A00C478CA /* addInventoryViewController.swift in Sources */,
				E18853B11E4946FF005C8C37 /* MixedUpAPI.swift in Sources */,
				E1C3C3E31E549A540012E60E /* Champagne.swift in Sources */,
				E1D00C411E4BBB8700C478CA /* IngredientTypeCell.swift in Sources */,
				E1C3C3C51E54935A0012E60E /* LowBallWithLemon.swift in Sources */,
				E18853E91E497EAE005C8C37 /* User+CoreDataClass.swift in Sources */,
				E1C3C3591E510DF50012E60E /* TypeService.swift in Sources */,
				E1C3C3E91E549AD40012E60E /* LowBall.swift in Sources */,
			);
			runOnlyForDeploymentPostprocessing = 0;
		};
		E188532F1E4914CD005C8C37 /* Sources */ = {
			isa = PBXSourcesBuildPhase;
			buildActionMask = 2147483647;
			files = (
				E18853EE1E4A2A95005C8C37 /* IngredientTypeTests.swift in Sources */,
				E18853F81E4A68EB005C8C37 /* MixedUpAPITests.swift in Sources */,
				E18853F21E4A3E1C005C8C37 /* IngredientTests.swift in Sources */,
				E18853F01E4A332A005C8C37 /* ColorTests.swift in Sources */,
				E18853651E4921F9005C8C37 /* GlassTests.swift in Sources */,
				E18853601E492120005C8C37 /* ToolTests.swift in Sources */,
				E18853F61E4A62C1005C8C37 /* UserTests.swift in Sources */,
				E18853F41E4A4464005C8C37 /* DrinkTests.swift in Sources */,
				E18853381E4914CD005C8C37 /* MixedUpTests.swift in Sources */,
			);
			runOnlyForDeploymentPostprocessing = 0;
		};
		E188533A1E4914CD005C8C37 /* Sources */ = {
			isa = PBXSourcesBuildPhase;
			buildActionMask = 2147483647;
			files = (
				E18853431E4914CD005C8C37 /* MixedUpUITests.swift in Sources */,
			);
			runOnlyForDeploymentPostprocessing = 0;
		};
/* End PBXSourcesBuildPhase section */

/* Begin PBXTargetDependency section */
		E18853351E4914CD005C8C37 /* PBXTargetDependency */ = {
			isa = PBXTargetDependency;
			target = E188531E1E4914CD005C8C37 /* MixedUp */;
			targetProxy = E18853341E4914CD005C8C37 /* PBXContainerItemProxy */;
		};
		E18853401E4914CD005C8C37 /* PBXTargetDependency */ = {
			isa = PBXTargetDependency;
			target = E188531E1E4914CD005C8C37 /* MixedUp */;
			targetProxy = E188533F1E4914CD005C8C37 /* PBXContainerItemProxy */;
		};
/* End PBXTargetDependency section */

/* Begin PBXVariantGroup section */
		E18853261E4914CD005C8C37 /* Main.storyboard */ = {
			isa = PBXVariantGroup;
			children = (
				E18853271E4914CD005C8C37 /* Base */,
			);
			name = Main.storyboard;
			sourceTree = "<group>";
		};
		E188532B1E4914CD005C8C37 /* LaunchScreen.storyboard */ = {
			isa = PBXVariantGroup;
			children = (
				E188532C1E4914CD005C8C37 /* Base */,
			);
			name = LaunchScreen.storyboard;
			sourceTree = "<group>";
		};
/* End PBXVariantGroup section */

/* Begin XCBuildConfiguration section */
		E18853451E4914CD005C8C37 /* Debug */ = {
			isa = XCBuildConfiguration;
			buildSettings = {
				ALWAYS_SEARCH_USER_PATHS = NO;
				CLANG_ANALYZER_NONNULL = YES;
				CLANG_CXX_LANGUAGE_STANDARD = "gnu++0x";
				CLANG_CXX_LIBRARY = "libc++";
				CLANG_ENABLE_MODULES = YES;
				CLANG_ENABLE_OBJC_ARC = YES;
				CLANG_WARN_BOOL_CONVERSION = YES;
				CLANG_WARN_CONSTANT_CONVERSION = YES;
				CLANG_WARN_DIRECT_OBJC_ISA_USAGE = YES_ERROR;
				CLANG_WARN_DOCUMENTATION_COMMENTS = YES;
				CLANG_WARN_EMPTY_BODY = YES;
				CLANG_WARN_ENUM_CONVERSION = YES;
				CLANG_WARN_INFINITE_RECURSION = YES;
				CLANG_WARN_INT_CONVERSION = YES;
				CLANG_WARN_OBJC_ROOT_CLASS = YES_ERROR;
				CLANG_WARN_SUSPICIOUS_MOVE = YES;
				CLANG_WARN_UNREACHABLE_CODE = YES;
				CLANG_WARN__DUPLICATE_METHOD_MATCH = YES;
				"CODE_SIGN_IDENTITY[sdk=iphoneos*]" = "iPhone Developer";
				COPY_PHASE_STRIP = NO;
				DEBUG_INFORMATION_FORMAT = dwarf;
				ENABLE_STRICT_OBJC_MSGSEND = YES;
				ENABLE_TESTABILITY = YES;
				GCC_C_LANGUAGE_STANDARD = gnu99;
				GCC_DYNAMIC_NO_PIC = NO;
				GCC_NO_COMMON_BLOCKS = YES;
				GCC_OPTIMIZATION_LEVEL = 0;
				GCC_PREPROCESSOR_DEFINITIONS = (
					"DEBUG=1",
					"$(inherited)",
				);
				GCC_WARN_64_TO_32_BIT_CONVERSION = YES;
				GCC_WARN_ABOUT_RETURN_TYPE = YES_ERROR;
				GCC_WARN_UNDECLARED_SELECTOR = YES;
				GCC_WARN_UNINITIALIZED_AUTOS = YES_AGGRESSIVE;
				GCC_WARN_UNUSED_FUNCTION = YES;
				GCC_WARN_UNUSED_VARIABLE = YES;
				IPHONEOS_DEPLOYMENT_TARGET = 10.2;
				MTL_ENABLE_DEBUG_INFO = YES;
				ONLY_ACTIVE_ARCH = YES;
				SDKROOT = iphoneos;
				SWIFT_ACTIVE_COMPILATION_CONDITIONS = DEBUG;
				SWIFT_OPTIMIZATION_LEVEL = "-Onone";
			};
			name = Debug;
		};
		E18853461E4914CD005C8C37 /* Release */ = {
			isa = XCBuildConfiguration;
			buildSettings = {
				ALWAYS_SEARCH_USER_PATHS = NO;
				CLANG_ANALYZER_NONNULL = YES;
				CLANG_CXX_LANGUAGE_STANDARD = "gnu++0x";
				CLANG_CXX_LIBRARY = "libc++";
				CLANG_ENABLE_MODULES = YES;
				CLANG_ENABLE_OBJC_ARC = YES;
				CLANG_WARN_BOOL_CONVERSION = YES;
				CLANG_WARN_CONSTANT_CONVERSION = YES;
				CLANG_WARN_DIRECT_OBJC_ISA_USAGE = YES_ERROR;
				CLANG_WARN_DOCUMENTATION_COMMENTS = YES;
				CLANG_WARN_EMPTY_BODY = YES;
				CLANG_WARN_ENUM_CONVERSION = YES;
				CLANG_WARN_INFINITE_RECURSION = YES;
				CLANG_WARN_INT_CONVERSION = YES;
				CLANG_WARN_OBJC_ROOT_CLASS = YES_ERROR;
				CLANG_WARN_SUSPICIOUS_MOVE = YES;
				CLANG_WARN_UNREACHABLE_CODE = YES;
				CLANG_WARN__DUPLICATE_METHOD_MATCH = YES;
				"CODE_SIGN_IDENTITY[sdk=iphoneos*]" = "iPhone Developer";
				COPY_PHASE_STRIP = NO;
				DEBUG_INFORMATION_FORMAT = "dwarf-with-dsym";
				ENABLE_NS_ASSERTIONS = NO;
				ENABLE_STRICT_OBJC_MSGSEND = YES;
				GCC_C_LANGUAGE_STANDARD = gnu99;
				GCC_NO_COMMON_BLOCKS = YES;
				GCC_WARN_64_TO_32_BIT_CONVERSION = YES;
				GCC_WARN_ABOUT_RETURN_TYPE = YES_ERROR;
				GCC_WARN_UNDECLARED_SELECTOR = YES;
				GCC_WARN_UNINITIALIZED_AUTOS = YES_AGGRESSIVE;
				GCC_WARN_UNUSED_FUNCTION = YES;
				GCC_WARN_UNUSED_VARIABLE = YES;
				IPHONEOS_DEPLOYMENT_TARGET = 10.2;
				MTL_ENABLE_DEBUG_INFO = NO;
				SDKROOT = iphoneos;
				SWIFT_OPTIMIZATION_LEVEL = "-Owholemodule";
				VALIDATE_PRODUCT = YES;
			};
			name = Release;
		};
		E18853481E4914CD005C8C37 /* Debug */ = {
			isa = XCBuildConfiguration;
			buildSettings = {
				ASSETCATALOG_COMPILER_APPICON_NAME = AppIcon;
				DEVELOPMENT_TEAM = N75G8FC36Y;
				INFOPLIST_FILE = MixedUp/Info.plist;
				LD_RUNPATH_SEARCH_PATHS = "$(inherited) @executable_path/Frameworks";
				PRODUCT_BUNDLE_IDENTIFIER = xyz.roberson.amy.MixedUp;
				PRODUCT_NAME = "$(TARGET_NAME)";
				SWIFT_VERSION = 3.0;
			};
			name = Debug;
		};
		E18853491E4914CD005C8C37 /* Release */ = {
			isa = XCBuildConfiguration;
			buildSettings = {
				ASSETCATALOG_COMPILER_APPICON_NAME = AppIcon;
				DEVELOPMENT_TEAM = N75G8FC36Y;
				INFOPLIST_FILE = MixedUp/Info.plist;
				LD_RUNPATH_SEARCH_PATHS = "$(inherited) @executable_path/Frameworks";
				PRODUCT_BUNDLE_IDENTIFIER = xyz.roberson.amy.MixedUp;
				PRODUCT_NAME = "$(TARGET_NAME)";
				SWIFT_VERSION = 3.0;
			};
			name = Release;
		};
		E188534B1E4914CD005C8C37 /* Debug */ = {
			isa = XCBuildConfiguration;
			buildSettings = {
				ALWAYS_EMBED_SWIFT_STANDARD_LIBRARIES = YES;
				BUNDLE_LOADER = "$(TEST_HOST)";
				DEVELOPMENT_TEAM = N75G8FC36Y;
				INFOPLIST_FILE = MixedUpTests/Info.plist;
				LD_RUNPATH_SEARCH_PATHS = "$(inherited) @executable_path/Frameworks @loader_path/Frameworks";
				PRODUCT_BUNDLE_IDENTIFIER = xyz.roberson.amy.MixedUpTests;
				PRODUCT_NAME = "$(TARGET_NAME)";
				SWIFT_VERSION = 3.0;
				TEST_HOST = "$(BUILT_PRODUCTS_DIR)/MixedUp.app/MixedUp";
			};
			name = Debug;
		};
		E188534C1E4914CD005C8C37 /* Release */ = {
			isa = XCBuildConfiguration;
			buildSettings = {
				ALWAYS_EMBED_SWIFT_STANDARD_LIBRARIES = YES;
				BUNDLE_LOADER = "$(TEST_HOST)";
				DEVELOPMENT_TEAM = N75G8FC36Y;
				INFOPLIST_FILE = MixedUpTests/Info.plist;
				LD_RUNPATH_SEARCH_PATHS = "$(inherited) @executable_path/Frameworks @loader_path/Frameworks";
				PRODUCT_BUNDLE_IDENTIFIER = xyz.roberson.amy.MixedUpTests;
				PRODUCT_NAME = "$(TARGET_NAME)";
				SWIFT_VERSION = 3.0;
				TEST_HOST = "$(BUILT_PRODUCTS_DIR)/MixedUp.app/MixedUp";
			};
			name = Release;
		};
		E188534E1E4914CD005C8C37 /* Debug */ = {
			isa = XCBuildConfiguration;
			buildSettings = {
				ALWAYS_EMBED_SWIFT_STANDARD_LIBRARIES = YES;
				DEVELOPMENT_TEAM = N75G8FC36Y;
				INFOPLIST_FILE = MixedUpUITests/Info.plist;
				LD_RUNPATH_SEARCH_PATHS = "$(inherited) @executable_path/Frameworks @loader_path/Frameworks";
				PRODUCT_BUNDLE_IDENTIFIER = xyz.roberson.amy.MixedUpUITests;
				PRODUCT_NAME = "$(TARGET_NAME)";
				SWIFT_VERSION = 3.0;
				TEST_TARGET_NAME = MixedUp;
			};
			name = Debug;
		};
		E188534F1E4914CD005C8C37 /* Release */ = {
			isa = XCBuildConfiguration;
			buildSettings = {
				ALWAYS_EMBED_SWIFT_STANDARD_LIBRARIES = YES;
				DEVELOPMENT_TEAM = N75G8FC36Y;
				INFOPLIST_FILE = MixedUpUITests/Info.plist;
				LD_RUNPATH_SEARCH_PATHS = "$(inherited) @executable_path/Frameworks @loader_path/Frameworks";
				PRODUCT_BUNDLE_IDENTIFIER = xyz.roberson.amy.MixedUpUITests;
				PRODUCT_NAME = "$(TARGET_NAME)";
				SWIFT_VERSION = 3.0;
				TEST_TARGET_NAME = MixedUp;
			};
			name = Release;
		};
/* End XCBuildConfiguration section */

/* Begin XCConfigurationList section */
		E188531A1E4914CD005C8C37 /* Build configuration list for PBXProject "MixedUp" */ = {
			isa = XCConfigurationList;
			buildConfigurations = (
				E18853451E4914CD005C8C37 /* Debug */,
				E18853461E4914CD005C8C37 /* Release */,
			);
			defaultConfigurationIsVisible = 0;
			defaultConfigurationName = Release;
		};
		E18853471E4914CD005C8C37 /* Build configuration list for PBXNativeTarget "MixedUp" */ = {
			isa = XCConfigurationList;
			buildConfigurations = (
				E18853481E4914CD005C8C37 /* Debug */,
				E18853491E4914CD005C8C37 /* Release */,
			);
			defaultConfigurationIsVisible = 0;
			defaultConfigurationName = Release;
		};
		E188534A1E4914CD005C8C37 /* Build configuration list for PBXNativeTarget "MixedUpTests" */ = {
			isa = XCConfigurationList;
			buildConfigurations = (
				E188534B1E4914CD005C8C37 /* Debug */,
				E188534C1E4914CD005C8C37 /* Release */,
			);
			defaultConfigurationIsVisible = 0;
			defaultConfigurationName = Release;
		};
		E188534D1E4914CD005C8C37 /* Build configuration list for PBXNativeTarget "MixedUpUITests" */ = {
			isa = XCConfigurationList;
			buildConfigurations = (
				E188534E1E4914CD005C8C37 /* Debug */,
				E188534F1E4914CD005C8C37 /* Release */,
			);
			defaultConfigurationIsVisible = 0;
			defaultConfigurationName = Release;
		};
/* End XCConfigurationList section */

/* Begin XCVersionGroup section */
		E18853501E4914F4005C8C37 /* MixedUpDataModel.xcdatamodeld */ = {
			isa = XCVersionGroup;
			children = (
				E18853511E4914F4005C8C37 /* MixedUpDataModel.xcdatamodel */,
			);
			currentVersion = E18853511E4914F4005C8C37 /* MixedUpDataModel.xcdatamodel */;
			path = MixedUpDataModel.xcdatamodeld;
			sourceTree = "<group>";
			versionGroupType = wrapper.xcdatamodel;
		};
/* End XCVersionGroup section */
	};
	rootObject = E18853171E4914CD005C8C37 /* Project object */;
}
